
Microsoft Visual Studio Solution File, Format Version 12.00
# Visual Studio 2013
VisualStudioVersion = 12.0.31101.0
MinimumVisualStudioVersion = 10.0.40219.1
Project("{FAE04EC0-301F-11D3-BF4B-00C04F79EFBC}") = "splunk4net", "splunk4net\splunk4net.csproj", "{E85F08DB-F7F5-484E-8387-0052F6FC6FB8}"
EndProject
Project("{FAE04EC0-301F-11D3-BF4B-00C04F79EFBC}") = "splunk4net.Tests", "splunk4net.Tests\splunk4net.Tests.csproj", "{01E035BD-45CC-4DB8-8A4B-11CD5CDD61D3}"
EndProject
Project("{FAE04EC0-301F-11D3-BF4B-00C04F79EFBC}") = "TestApp", "TestApp\TestApp.csproj", "{87D3B358-1A9B-48E4-8311-0176C13D04D9}"
	ProjectSection(ProjectDependencies) = postProject
		{E85F08DB-F7F5-484E-8387-0052F6FC6FB8} = {E85F08DB-F7F5-484E-8387-0052F6FC6FB8}
	EndProjectSection
EndProject
Project("{FAE04EC0-301F-11D3-BF4B-00C04F79EFBC}") = "splunk4net.NugetPackage", "splunk4net.NugetPackage\splunk4net.NugetPackage.csproj", "{0451BAEF-DF2E-4B98-8644-94EE9415E389}"
EndProject
Global
	GlobalSection(SolutionConfigurationPlatforms) = preSolution
		Debug|Any CPU = Debug|Any CPU
		Release|Any CPU = Release|Any CPU
	EndGlobalSection
	GlobalSection(ProjectConfigurationPlatforms) = postSolution
		{E85F08DB-F7F5-484E-8387-0052F6FC6FB8}.Debug|Any CPU.ActiveCfg = Debug|Any CPU
		{E85F08DB-F7F5-484E-8387-0052F6FC6FB8}.Debug|Any CPU.Build.0 = Debug|Any CPU
		{E85F08DB-F7F5-484E-8387-0052F6FC6FB8}.Release|Any CPU.ActiveCfg = Release|Any CPU
		{E85F08DB-F7F5-484E-8387-0052F6FC6FB8}.Release|Any CPU.Build.0 = Release|Any CPU
		{01E035BD-45CC-4DB8-8A4B-11CD5CDD61D3}.Debug|Any CPU.ActiveCfg = Debug|Any CPU
		{01E035BD-45CC-4DB8-8A4B-11CD5CDD61D3}.Debug|Any CPU.Build.0 = Debug|Any CPU
		{01E035BD-45CC-4DB8-8A4B-11CD5CDD61D3}.Release|Any CPU.ActiveCfg = Release|Any CPU
		{01E035BD-45CC-4DB8-8A4B-11CD5CDD61D3}.Release|Any CPU.Build.0 = Release|Any CPU
		{87D3B358-1A9B-48E4-8311-0176C13D04D9}.Debug|Any CPU.ActiveCfg = Debug|Any CPU
		{87D3B358-1A9B-48E4-8311-0176C13D04D9}.Debug|Any CPU.Build.0 = Debug|Any CPU
		{87D3B358-1A9B-48E4-8311-0176C13D04D9}.Release|Any CPU.ActiveCfg = Release|Any CPU
		{87D3B358-1A9B-48E4-8311-0176C13D04D9}.Release|Any CPU.Build.0 = Release|Any CPU
		{0451BAEF-DF2E-4B98-8644-94EE9415E389}.Debug|Any CPU.ActiveCfg = Debug|Any CPU
		{0451BAEF-DF2E-4B98-8644-94EE9415E389}.Release|Any CPU.ActiveCfg = Release|Any CPU
		{0451BAEF-DF2E-4B98-8644-94EE9415E389}.Release|Any CPU.Build.0 = Release|Any CPU
	EndGlobalSection
	GlobalSection(SolutionProperties) = preSolution
		HideSolutionNode = FALSE
	EndGlobalSection
EndGlobal
